
Microsoft Visual Studio Solution File, Format Version 12.00
# Visual Studio 2015
Project("{FAE04EC0-301F-11D3-BF4B-00C04F79EFBC}") = "test-data-vis.CSharp", "test-data-vis.CSharp.csproj", "{668DA718-E3CF-45A7-8489-10E779488808}"
EndProject
Project("{FAE04EC0-301F-11D3-BF4B-00C04F79EFBC}") = "test-data-vis.CSharp.Editor", "test-data-vis.CSharp.Editor.csproj", "{E795AA9D-627E-B8C3-44D7-E6B3CDD218B6}"
EndProject
Global
	GlobalSection(SolutionConfigurationPlatforms) = preSolution
		Debug|Any CPU = Debug|Any CPU
		Release|Any CPU = Release|Any CPU
	EndGlobalSection
	GlobalSection(ProjectConfigurationPlatforms) = postSolution
		{668DA718-E3CF-45A7-8489-10E779488808}.Debug|Any CPU.ActiveCfg = Debug|Any CPU
		{668DA718-E3CF-45A7-8489-10E779488808}.Debug|Any CPU.Build.0 = Debug|Any CPU
		{668DA718-E3CF-45A7-8489-10E779488808}.Release|Any CPU.ActiveCfg = Release|Any CPU
		{668DA718-E3CF-45A7-8489-10E779488808}.Release|Any CPU.Build.0 = Release|Any CPU
		{E795AA9D-627E-B8C3-44D7-E6B3CDD218B6}.Debug|Any CPU.ActiveCfg = Debug|Any CPU
		{E795AA9D-627E-B8C3-44D7-E6B3CDD218B6}.Debug|Any CPU.Build.0 = Debug|Any CPU
		{E795AA9D-627E-B8C3-44D7-E6B3CDD218B6}.Release|Any CPU.ActiveCfg = Release|Any CPU
		{E795AA9D-627E-B8C3-44D7-E6B3CDD218B6}.Release|Any CPU.Build.0 = Release|Any CPU
	EndGlobalSection
	GlobalSection(SolutionProperties) = preSolution
		HideSolutionNode = FALSE
	EndGlobalSection
EndGlobal
